
Microsoft Visual Studio Solution File, Format Version 12.00
# Visual Studio Version 16
VisualStudioVersion = 16.0.31605.320
MinimumVisualStudioVersion = 10.0.40219.1
Project("{2150E333-8FDC-42A3-9474-1A3956D46DE8}") = "Services", "Services", "{64D343DB-618D-464C-8799-661CD0EAE7D1}"
EndProject
Project("{2150E333-8FDC-42A3-9474-1A3956D46DE8}") = "Catalog", "Catalog", "{769E01E6-DF3D-4F59-AE0B-B484E2E72BB3}"
EndProject
Project("{9A19103F-16F7-4668-BE54-9A1E7A4F7556}") = "Catalog.API", "Services\Catalog\Catalog.API\Catalog.API.csproj", "{7C61849B-4EF1-4E5C-957D-33046AFA82EE}"
EndProject
Project("{E53339B2-1760-4266-BCC7-CA923CBCF16C}") = "docker-compose", "docker-compose.dcproj", "{FDE1E32F-2AD9-403C-B408-0ACD2C498FC1}"
EndProject
Project("{2150E333-8FDC-42A3-9474-1A3956D46DE8}") = "Basket", "Basket", "{0EC7EA9B-DAE6-45D7-8330-A256F857C2B3}"
EndProject
Project("{FAE04EC0-301F-11D3-BF4B-00C04F79EFBC}") = "Basket.API", "Services\Basket\Basket.API\Basket.API.csproj", "{8B26A867-B258-4C13-98D6-A0BBCB4A2FEB}"
EndProject
Global
	GlobalSection(SolutionConfigurationPlatforms) = preSolution
		Debug|Any CPU = Debug|Any CPU
		Release|Any CPU = Release|Any CPU
	EndGlobalSection
	GlobalSection(ProjectConfigurationPlatforms) = postSolution
		{7C61849B-4EF1-4E5C-957D-33046AFA82EE}.Debug|Any CPU.ActiveCfg = Debug|Any CPU
		{7C61849B-4EF1-4E5C-957D-33046AFA82EE}.Debug|Any CPU.Build.0 = Debug|Any CPU
		{7C61849B-4EF1-4E5C-957D-33046AFA82EE}.Release|Any CPU.ActiveCfg = Release|Any CPU
		{7C61849B-4EF1-4E5C-957D-33046AFA82EE}.Release|Any CPU.Build.0 = Release|Any CPU
		{FDE1E32F-2AD9-403C-B408-0ACD2C498FC1}.Debug|Any CPU.ActiveCfg = Debug|Any CPU
		{FDE1E32F-2AD9-403C-B408-0ACD2C498FC1}.Debug|Any CPU.Build.0 = Debug|Any CPU
		{FDE1E32F-2AD9-403C-B408-0ACD2C498FC1}.Release|Any CPU.ActiveCfg = Release|Any CPU
		{FDE1E32F-2AD9-403C-B408-0ACD2C498FC1}.Release|Any CPU.Build.0 = Release|Any CPU
		{8B26A867-B258-4C13-98D6-A0BBCB4A2FEB}.Debug|Any CPU.ActiveCfg = Debug|Any CPU
		{8B26A867-B258-4C13-98D6-A0BBCB4A2FEB}.Debug|Any CPU.Build.0 = Debug|Any CPU
		{8B26A867-B258-4C13-98D6-A0BBCB4A2FEB}.Release|Any CPU.ActiveCfg = Release|Any CPU
		{8B26A867-B258-4C13-98D6-A0BBCB4A2FEB}.Release|Any CPU.Build.0 = Release|Any CPU
	EndGlobalSection
	GlobalSection(SolutionProperties) = preSolution
		HideSolutionNode = FALSE
	EndGlobalSection
	GlobalSection(NestedProjects) = preSolution
		{769E01E6-DF3D-4F59-AE0B-B484E2E72BB3} = {64D343DB-618D-464C-8799-661CD0EAE7D1}
		{7C61849B-4EF1-4E5C-957D-33046AFA82EE} = {769E01E6-DF3D-4F59-AE0B-B484E2E72BB3}
		{0EC7EA9B-DAE6-45D7-8330-A256F857C2B3} = {64D343DB-618D-464C-8799-661CD0EAE7D1}
		{8B26A867-B258-4C13-98D6-A0BBCB4A2FEB} = {0EC7EA9B-DAE6-45D7-8330-A256F857C2B3}
	EndGlobalSection
	GlobalSection(ExtensibilityGlobals) = postSolution
		SolutionGuid = {5A454589-F214-4B93-9B97-389637823090}
	EndGlobalSection
EndGlobal
