
Microsoft Visual Studio Solution File, Format Version 12.00
# Visual Studio Version 16
VisualStudioVersion = 16.0.31605.320
MinimumVisualStudioVersion = 10.0.40219.1
Project("{2150E333-8FDC-42A3-9474-1A3956D46DE8}") = "Services", "Services", "{64D343DB-618D-464C-8799-661CD0EAE7D1}"
EndProject
Project("{2150E333-8FDC-42A3-9474-1A3956D46DE8}") = "Catalog", "Catalog", "{769E01E6-DF3D-4F59-AE0B-B484E2E72BB3}"
EndProject
Project("{9A19103F-16F7-4668-BE54-9A1E7A4F7556}") = "Catalog.API", "Services\Catalog\Catalog.API\Catalog.API.csproj", "{7C61849B-4EF1-4E5C-957D-33046AFA82EE}"
EndProject
Project("{E53339B2-1760-4266-BCC7-CA923CBCF16C}") = "docker-compose", "docker-compose.dcproj", "{FDE1E32F-2AD9-403C-B408-0ACD2C498FC1}"
EndProject
Project("{2150E333-8FDC-42A3-9474-1A3956D46DE8}") = "Basket", "Basket", "{0EC7EA9B-DAE6-45D7-8330-A256F857C2B3}"
EndProject
Project("{9A19103F-16F7-4668-BE54-9A1E7A4F7556}") = "Basket.API", "Services\Basket\Basket.API\Basket.API.csproj", "{8B26A867-B258-4C13-98D6-A0BBCB4A2FEB}"
EndProject
Project("{2150E333-8FDC-42A3-9474-1A3956D46DE8}") = "Discount", "Discount", "{B724FB75-A17C-41A7-882A-210D5FA24877}"
EndProject
Project("{9A19103F-16F7-4668-BE54-9A1E7A4F7556}") = "Discount.API", "Services\Discount\Discount.API\Discount.API.csproj", "{B16863FC-E81B-44FC-B132-B1CECF85DF99}"
EndProject
Project("{9A19103F-16F7-4668-BE54-9A1E7A4F7556}") = "Discount.Grpc", "Services\Discount\Discount.Grpc\Discount.Grpc.csproj", "{0409E0F8-0C3E-4C5B-9AC4-6EC66FD03BD3}"
EndProject
Project("{2150E333-8FDC-42A3-9474-1A3956D46DE8}") = "Ordering", "Ordering", "{C543ABAB-FAD6-40B5-BDCF-A8C11224B12F}"
EndProject
Project("{9A19103F-16F7-4668-BE54-9A1E7A4F7556}") = "Ordering.API", "Services\Ordering\Ordering.API\Ordering.API.csproj", "{CB12F74D-9BF9-408E-BEBF-90E84332A164}"
EndProject
Project("{9A19103F-16F7-4668-BE54-9A1E7A4F7556}") = "Ordering.Domain", "Services\Ordering\Ordering.Domain\Ordering.Domain.csproj", "{CB3A3DF4-98D3-4C8D-B947-4AC11C807902}"
EndProject
Project("{9A19103F-16F7-4668-BE54-9A1E7A4F7556}") = "Ordering.Application", "Services\Ordering\Ordering.Application\Ordering.Application.csproj", "{DB52595D-6CEC-47FF-9A63-4A6F524C2BF0}"
EndProject
Project("{9A19103F-16F7-4668-BE54-9A1E7A4F7556}") = "Ordering.Infrastructure", "Services\Ordering\Ordering.Infrastructure\Ordering.Infrastructure.csproj", "{CC3BCAF9-3B1E-4AAF-97F6-85958B36AAF5}"
EndProject
Project("{2150E333-8FDC-42A3-9474-1A3956D46DE8}") = "BuildingBlocks", "BuildingBlocks", "{EC636451-2BBB-4C7F-99F6-01FBF9DA2009}"
EndProject
Project("{9A19103F-16F7-4668-BE54-9A1E7A4F7556}") = "EventBus.Messages", "BuildingBlocks\EventBus.Messages\EventBus.Messages.csproj", "{0945AB7B-A71A-4585-B94A-FF2F07DF5927}"
EndProject
Project("{2150E333-8FDC-42A3-9474-1A3956D46DE8}") = "ApiGateways", "ApiGateways", "{5910F945-53C9-47AF-945C-FBD8095DEB3C}"
EndProject
Project("{FAE04EC0-301F-11D3-BF4B-00C04F79EFBC}") = "OcelotApiGw", "ApiGateways\OcelotApiGw\OcelotApiGw.csproj", "{E7D32FA3-B326-4AA8-A97E-A1E0ACE5B371}"
EndProject
Global
	GlobalSection(SolutionConfigurationPlatforms) = preSolution
		Debug|Any CPU = Debug|Any CPU
		Release|Any CPU = Release|Any CPU
	EndGlobalSection
	GlobalSection(ProjectConfigurationPlatforms) = postSolution
		{7C61849B-4EF1-4E5C-957D-33046AFA82EE}.Debug|Any CPU.ActiveCfg = Debug|Any CPU
		{7C61849B-4EF1-4E5C-957D-33046AFA82EE}.Debug|Any CPU.Build.0 = Debug|Any CPU
		{7C61849B-4EF1-4E5C-957D-33046AFA82EE}.Release|Any CPU.ActiveCfg = Release|Any CPU
		{7C61849B-4EF1-4E5C-957D-33046AFA82EE}.Release|Any CPU.Build.0 = Release|Any CPU
		{FDE1E32F-2AD9-403C-B408-0ACD2C498FC1}.Debug|Any CPU.ActiveCfg = Debug|Any CPU
		{FDE1E32F-2AD9-403C-B408-0ACD2C498FC1}.Debug|Any CPU.Build.0 = Debug|Any CPU
		{FDE1E32F-2AD9-403C-B408-0ACD2C498FC1}.Release|Any CPU.ActiveCfg = Release|Any CPU
		{FDE1E32F-2AD9-403C-B408-0ACD2C498FC1}.Release|Any CPU.Build.0 = Release|Any CPU
		{8B26A867-B258-4C13-98D6-A0BBCB4A2FEB}.Debug|Any CPU.ActiveCfg = Debug|Any CPU
		{8B26A867-B258-4C13-98D6-A0BBCB4A2FEB}.Debug|Any CPU.Build.0 = Debug|Any CPU
		{8B26A867-B258-4C13-98D6-A0BBCB4A2FEB}.Release|Any CPU.ActiveCfg = Release|Any CPU
		{8B26A867-B258-4C13-98D6-A0BBCB4A2FEB}.Release|Any CPU.Build.0 = Release|Any CPU
		{B16863FC-E81B-44FC-B132-B1CECF85DF99}.Debug|Any CPU.ActiveCfg = Debug|Any CPU
		{B16863FC-E81B-44FC-B132-B1CECF85DF99}.Debug|Any CPU.Build.0 = Debug|Any CPU
		{B16863FC-E81B-44FC-B132-B1CECF85DF99}.Release|Any CPU.ActiveCfg = Release|Any CPU
		{B16863FC-E81B-44FC-B132-B1CECF85DF99}.Release|Any CPU.Build.0 = Release|Any CPU
		{0409E0F8-0C3E-4C5B-9AC4-6EC66FD03BD3}.Debug|Any CPU.ActiveCfg = Debug|Any CPU
		{0409E0F8-0C3E-4C5B-9AC4-6EC66FD03BD3}.Debug|Any CPU.Build.0 = Debug|Any CPU
		{0409E0F8-0C3E-4C5B-9AC4-6EC66FD03BD3}.Release|Any CPU.ActiveCfg = Release|Any CPU
		{0409E0F8-0C3E-4C5B-9AC4-6EC66FD03BD3}.Release|Any CPU.Build.0 = Release|Any CPU
		{CB12F74D-9BF9-408E-BEBF-90E84332A164}.Debug|Any CPU.ActiveCfg = Debug|Any CPU
		{CB12F74D-9BF9-408E-BEBF-90E84332A164}.Debug|Any CPU.Build.0 = Debug|Any CPU
		{CB12F74D-9BF9-408E-BEBF-90E84332A164}.Release|Any CPU.ActiveCfg = Release|Any CPU
		{CB12F74D-9BF9-408E-BEBF-90E84332A164}.Release|Any CPU.Build.0 = Release|Any CPU
		{CB3A3DF4-98D3-4C8D-B947-4AC11C807902}.Debug|Any CPU.ActiveCfg = Debug|Any CPU
		{CB3A3DF4-98D3-4C8D-B947-4AC11C807902}.Debug|Any CPU.Build.0 = Debug|Any CPU
		{CB3A3DF4-98D3-4C8D-B947-4AC11C807902}.Release|Any CPU.ActiveCfg = Release|Any CPU
		{CB3A3DF4-98D3-4C8D-B947-4AC11C807902}.Release|Any CPU.Build.0 = Release|Any CPU
		{DB52595D-6CEC-47FF-9A63-4A6F524C2BF0}.Debug|Any CPU.ActiveCfg = Debug|Any CPU
		{DB52595D-6CEC-47FF-9A63-4A6F524C2BF0}.Debug|Any CPU.Build.0 = Debug|Any CPU
		{DB52595D-6CEC-47FF-9A63-4A6F524C2BF0}.Release|Any CPU.ActiveCfg = Release|Any CPU
		{DB52595D-6CEC-47FF-9A63-4A6F524C2BF0}.Release|Any CPU.Build.0 = Release|Any CPU
		{CC3BCAF9-3B1E-4AAF-97F6-85958B36AAF5}.Debug|Any CPU.ActiveCfg = Debug|Any CPU
		{CC3BCAF9-3B1E-4AAF-97F6-85958B36AAF5}.Debug|Any CPU.Build.0 = Debug|Any CPU
		{CC3BCAF9-3B1E-4AAF-97F6-85958B36AAF5}.Release|Any CPU.ActiveCfg = Release|Any CPU
		{CC3BCAF9-3B1E-4AAF-97F6-85958B36AAF5}.Release|Any CPU.Build.0 = Release|Any CPU
		{0945AB7B-A71A-4585-B94A-FF2F07DF5927}.Debug|Any CPU.ActiveCfg = Debug|Any CPU
		{0945AB7B-A71A-4585-B94A-FF2F07DF5927}.Debug|Any CPU.Build.0 = Debug|Any CPU
		{0945AB7B-A71A-4585-B94A-FF2F07DF5927}.Release|Any CPU.ActiveCfg = Release|Any CPU
		{0945AB7B-A71A-4585-B94A-FF2F07DF5927}.Release|Any CPU.Build.0 = Release|Any CPU
		{E7D32FA3-B326-4AA8-A97E-A1E0ACE5B371}.Debug|Any CPU.ActiveCfg = Debug|Any CPU
		{E7D32FA3-B326-4AA8-A97E-A1E0ACE5B371}.Debug|Any CPU.Build.0 = Debug|Any CPU
		{E7D32FA3-B326-4AA8-A97E-A1E0ACE5B371}.Release|Any CPU.ActiveCfg = Release|Any CPU
		{E7D32FA3-B326-4AA8-A97E-A1E0ACE5B371}.Release|Any CPU.Build.0 = Release|Any CPU
	EndGlobalSection
	GlobalSection(SolutionProperties) = preSolution
		HideSolutionNode = FALSE
	EndGlobalSection
	GlobalSection(NestedProjects) = preSolution
		{769E01E6-DF3D-4F59-AE0B-B484E2E72BB3} = {64D343DB-618D-464C-8799-661CD0EAE7D1}
		{7C61849B-4EF1-4E5C-957D-33046AFA82EE} = {769E01E6-DF3D-4F59-AE0B-B484E2E72BB3}
		{0EC7EA9B-DAE6-45D7-8330-A256F857C2B3} = {64D343DB-618D-464C-8799-661CD0EAE7D1}
		{8B26A867-B258-4C13-98D6-A0BBCB4A2FEB} = {0EC7EA9B-DAE6-45D7-8330-A256F857C2B3}
		{B724FB75-A17C-41A7-882A-210D5FA24877} = {64D343DB-618D-464C-8799-661CD0EAE7D1}
		{B16863FC-E81B-44FC-B132-B1CECF85DF99} = {B724FB75-A17C-41A7-882A-210D5FA24877}
		{0409E0F8-0C3E-4C5B-9AC4-6EC66FD03BD3} = {B724FB75-A17C-41A7-882A-210D5FA24877}
		{C543ABAB-FAD6-40B5-BDCF-A8C11224B12F} = {64D343DB-618D-464C-8799-661CD0EAE7D1}
		{CB12F74D-9BF9-408E-BEBF-90E84332A164} = {C543ABAB-FAD6-40B5-BDCF-A8C11224B12F}
		{CB3A3DF4-98D3-4C8D-B947-4AC11C807902} = {C543ABAB-FAD6-40B5-BDCF-A8C11224B12F}
		{DB52595D-6CEC-47FF-9A63-4A6F524C2BF0} = {C543ABAB-FAD6-40B5-BDCF-A8C11224B12F}
		{CC3BCAF9-3B1E-4AAF-97F6-85958B36AAF5} = {C543ABAB-FAD6-40B5-BDCF-A8C11224B12F}
		{0945AB7B-A71A-4585-B94A-FF2F07DF5927} = {EC636451-2BBB-4C7F-99F6-01FBF9DA2009}
		{E7D32FA3-B326-4AA8-A97E-A1E0ACE5B371} = {5910F945-53C9-47AF-945C-FBD8095DEB3C}
	EndGlobalSection
	GlobalSection(ExtensibilityGlobals) = postSolution
		SolutionGuid = {5A454589-F214-4B93-9B97-389637823090}
	EndGlobalSection
EndGlobal
